
Microsoft Visual Studio Solution File, Format Version 12.00
# Visual Studio Version 17
VisualStudioVersion = 17.4.33213.308
MinimumVisualStudioVersion = 10.0.40219.1
Project("{9A19103F-16F7-4668-BE54-9A1E7A4F7556}") = "grp-poc-client", "grp-poc-client\grp-poc-client.csproj", "{AC325A30-8600-4D16-A541-7ABD38313BE4}"
EndProject
Project("{9A19103F-16F7-4668-BE54-9A1E7A4F7556}") = "PocService", "imageService\PocService.csproj", "{A062FAD3-2484-4176-A7E2-F8F9354E1451}"
EndProject
Project("{9A19103F-16F7-4668-BE54-9A1E7A4F7556}") = "ImageResize", "ImageResize\ImageResize.csproj", "{5CFAC7F3-1A79-41C1-B574-62D25A7AFDE9}"
EndProject
Project("{9A19103F-16F7-4668-BE54-9A1E7A4F7556}") = "bidirectional-streaming-client", "bidirectional-streaming-client\bidirectional-streaming-client.csproj", "{4EFC039E-8261-44A4-92EB-09A6160A52CF}"
EndProject
Project("{FAE04EC0-301F-11D3-BF4B-00C04F79EFBC}") = "server-streaming-client", "server-streaming-client\server-streaming-client.csproj", "{277ED05B-F360-4ECD-BD8D-9B6032024C79}"
EndProject
Global
	GlobalSection(SolutionConfigurationPlatforms) = preSolution
		Debug|Any CPU = Debug|Any CPU
		Release|Any CPU = Release|Any CPU
	EndGlobalSection
	GlobalSection(ProjectConfigurationPlatforms) = postSolution
		{AC325A30-8600-4D16-A541-7ABD38313BE4}.Debug|Any CPU.ActiveCfg = Debug|Any CPU
		{AC325A30-8600-4D16-A541-7ABD38313BE4}.Debug|Any CPU.Build.0 = Debug|Any CPU
		{AC325A30-8600-4D16-A541-7ABD38313BE4}.Release|Any CPU.ActiveCfg = Release|Any CPU
		{AC325A30-8600-4D16-A541-7ABD38313BE4}.Release|Any CPU.Build.0 = Release|Any CPU
		{A062FAD3-2484-4176-A7E2-F8F9354E1451}.Debug|Any CPU.ActiveCfg = Debug|Any CPU
		{A062FAD3-2484-4176-A7E2-F8F9354E1451}.Debug|Any CPU.Build.0 = Debug|Any CPU
		{A062FAD3-2484-4176-A7E2-F8F9354E1451}.Release|Any CPU.ActiveCfg = Release|Any CPU
		{A062FAD3-2484-4176-A7E2-F8F9354E1451}.Release|Any CPU.Build.0 = Release|Any CPU
		{5CFAC7F3-1A79-41C1-B574-62D25A7AFDE9}.Debug|Any CPU.ActiveCfg = Debug|Any CPU
		{5CFAC7F3-1A79-41C1-B574-62D25A7AFDE9}.Debug|Any CPU.Build.0 = Debug|Any CPU
		{5CFAC7F3-1A79-41C1-B574-62D25A7AFDE9}.Release|Any CPU.ActiveCfg = Release|Any CPU
		{5CFAC7F3-1A79-41C1-B574-62D25A7AFDE9}.Release|Any CPU.Build.0 = Release|Any CPU
		{4EFC039E-8261-44A4-92EB-09A6160A52CF}.Debug|Any CPU.ActiveCfg = Debug|Any CPU
		{4EFC039E-8261-44A4-92EB-09A6160A52CF}.Debug|Any CPU.Build.0 = Debug|Any CPU
		{4EFC039E-8261-44A4-92EB-09A6160A52CF}.Release|Any CPU.ActiveCfg = Release|Any CPU
		{4EFC039E-8261-44A4-92EB-09A6160A52CF}.Release|Any CPU.Build.0 = Release|Any CPU
		{277ED05B-F360-4ECD-BD8D-9B6032024C79}.Debug|Any CPU.ActiveCfg = Debug|Any CPU
		{277ED05B-F360-4ECD-BD8D-9B6032024C79}.Debug|Any CPU.Build.0 = Debug|Any CPU
		{277ED05B-F360-4ECD-BD8D-9B6032024C79}.Release|Any CPU.ActiveCfg = Release|Any CPU
		{277ED05B-F360-4ECD-BD8D-9B6032024C79}.Release|Any CPU.Build.0 = Release|Any CPU
	EndGlobalSection
	GlobalSection(SolutionProperties) = preSolution
		HideSolutionNode = FALSE
	EndGlobalSection
	GlobalSection(ExtensibilityGlobals) = postSolution
		SolutionGuid = {F6CB9C4A-7551-4F48-9529-32FE737E7A5D}
	EndGlobalSection
EndGlobal
